
Microsoft Visual Studio Solution File, Format Version 12.00
# Visual Studio 15
VisualStudioVersion = 15.0.28010.2046
MinimumVisualStudioVersion = 10.0.40219.1
Project("{00D1A9C2-B5F0-4AF3-8072-F6C62B433612}") = "ProjectDatabase", "ProjectDatabase\ProjectDatabase.sqlproj", "{C5DE4D21-9524-455A-8922-4271959BCC3A}"
EndProject
Global
	GlobalSection(SolutionConfigurationPlatforms) = preSolution
		Debug|Any CPU = Debug|Any CPU
		Release|Any CPU = Release|Any CPU
	EndGlobalSection
	GlobalSection(ProjectConfigurationPlatforms) = postSolution
		{C5DE4D21-9524-455A-8922-4271959BCC3A}.Debug|Any CPU.ActiveCfg = Debug|Any CPU
		{C5DE4D21-9524-455A-8922-4271959BCC3A}.Debug|Any CPU.Build.0 = Debug|Any CPU
		{C5DE4D21-9524-455A-8922-4271959BCC3A}.Debug|Any CPU.Deploy.0 = Debug|Any CPU
		{C5DE4D21-9524-455A-8922-4271959BCC3A}.Release|Any CPU.ActiveCfg = Release|Any CPU
		{C5DE4D21-9524-455A-8922-4271959BCC3A}.Release|Any CPU.Build.0 = Release|Any CPU
		{C5DE4D21-9524-455A-8922-4271959BCC3A}.Release|Any CPU.Deploy.0 = Release|Any CPU
	EndGlobalSection
	GlobalSection(SolutionProperties) = preSolution
		HideSolutionNode = FALSE
	EndGlobalSection
	GlobalSection(ExtensibilityGlobals) = postSolution
		SolutionGuid = {BA10AFCC-B21D-4E62-9879-3E8917AAC7AA}
	EndGlobalSection
EndGlobal
